
Microsoft Visual Studio Solution File, Format Version 12.00
# Visual Studio 15
VisualStudioVersion = 15.0.28307.329
MinimumVisualStudioVersion = 10.0.40219.1
Project("{FAE04EC0-301F-11D3-BF4B-00C04F79EFBC}") = "DotNetCoreMVCWebAPI", "DotNetCoreMVCWebAPI\DotNetCoreMVCWebAPI.csproj", "{767CB971-CE6E-43AC-BD0F-CCEA697B0F21}"
EndProject
Global
	GlobalSection(SolutionConfigurationPlatforms) = preSolution
		Debug|Any CPU = Debug|Any CPU
		Release|Any CPU = Release|Any CPU
	EndGlobalSection
	GlobalSection(ProjectConfigurationPlatforms) = postSolution
		{767CB971-CE6E-43AC-BD0F-CCEA697B0F21}.Debug|Any CPU.ActiveCfg = Debug|Any CPU
		{767CB971-CE6E-43AC-BD0F-CCEA697B0F21}.Debug|Any CPU.Build.0 = Debug|Any CPU
		{767CB971-CE6E-43AC-BD0F-CCEA697B0F21}.Release|Any CPU.ActiveCfg = Release|Any CPU
		{767CB971-CE6E-43AC-BD0F-CCEA697B0F21}.Release|Any CPU.Build.0 = Release|Any CPU
	EndGlobalSection
	GlobalSection(SolutionProperties) = preSolution
		HideSolutionNode = FALSE
	EndGlobalSection
	GlobalSection(ExtensibilityGlobals) = postSolution
		SolutionGuid = {777C109F-1D17-4B34-887B-96535A61D3E9}
	EndGlobalSection
EndGlobal
